// !$*UTF8*$!
{
	archiveVersion = 1;
	classes = {
	};
	objectVersion = 48;
	objects = {

/* Begin PBXBuildFile section */
		31A4FC2B1FB1D68800F6BA41 /* wavlib.c in Sources */ = {isa = PBXBuildFile; fileRef = 31CF967E1FA7663E0076F8B5 /* wavlib.c */; };
		31A4FC2C1FB1DD3A00F6BA41 /* main.c in Sources */ = {isa = PBXBuildFile; fileRef = 31A4FC291FB1D68100F6BA41 /* main.c */; };
		31BFC4DD1FBEF5EA0033513B /* main.c in Sources */ = {isa = PBXBuildFile; fileRef = 31BFC4DC1FBEF5EA0033513B /* main.c */; };
		31BFC4E11FBEF6450033513B /* wavlib.c in Sources */ = {isa = PBXBuildFile; fileRef = 31CF967E1FA7663E0076F8B5 /* wavlib.c */; };
		31C30ED51FB315A40046CAFE /* main.c in Sources */ = {isa = PBXBuildFile; fileRef = 31C30ED41FB315A40046CAFE /* main.c */; };
		31C30EDB1FB316200046CAFE /* wav_format.c in Sources */ = {isa = PBXBuildFile; fileRef = 31C30ED91FB316200046CAFE /* wav_format.c */; };
		31C30EE31FB4875B0046CAFE /* main.c in Sources */ = {isa = PBXBuildFile; fileRef = 31C30EE21FB4875B0046CAFE /* main.c */; };
		31C30EEC1FB48C490046CAFE /* libportaudio.a in Frameworks */ = {isa = PBXBuildFile; fileRef = 31C30EEB1FB48C490046CAFE /* libportaudio.a */; };
		31C30EED1FB48CA10046CAFE /* wav_format.c in Sources */ = {isa = PBXBuildFile; fileRef = 31C30ED91FB316200046CAFE /* wav_format.c */; };
		31C30EF11FB48F0C0046CAFE /* AudioToolbox.framework in Frameworks */ = {isa = PBXBuildFile; fileRef = 31C30EF01FB48EEB0046CAFE /* AudioToolbox.framework */; };
		31C30EF21FB48F190046CAFE /* CoreAudio.framework in Frameworks */ = {isa = PBXBuildFile; fileRef = 31C30EEF1FB48EC80046CAFE /* CoreAudio.framework */; };
		31C30EF41FB48F2D0046CAFE /* AudioUnit.framework in Frameworks */ = {isa = PBXBuildFile; fileRef = 31C30EF31FB48F210046CAFE /* AudioUnit.framework */; };
		31C30EF71FB48F400046CAFE /* Carbon.framework in Frameworks */ = {isa = PBXBuildFile; fileRef = 31C30EF51FB48F3A0046CAFE /* Carbon.framework */; };
		31C30EF81FB48F4B0046CAFE /* CoreServices.framework in Frameworks */ = {isa = PBXBuildFile; fileRef = 31C30EF61FB48F3A0046CAFE /* CoreServices.framework */; };
		31C30F011FB827330046CAFE /* main.c in Sources */ = {isa = PBXBuildFile; fileRef = 31C30F001FB827330046CAFE /* main.c */; };
		31C30F051FB8274C0046CAFE /* AudioToolbox.framework in Frameworks */ = {isa = PBXBuildFile; fileRef = 31C30EF01FB48EEB0046CAFE /* AudioToolbox.framework */; };
		31C30F071FB838A70046CAFE /* CoreFoundation.framework in Frameworks */ = {isa = PBXBuildFile; fileRef = 31C30F061FB838A70046CAFE /* CoreFoundation.framework */; };
		31C30F0F1FB9D00B0046CAFE /* main.cpp in Sources */ = {isa = PBXBuildFile; fileRef = 31C30F0E1FB9D00B0046CAFE /* main.cpp */; };
		31C30F161FB9D08C0046CAFE /* AudioToolbox.framework in Frameworks */ = {isa = PBXBuildFile; fileRef = 31C30EF01FB48EEB0046CAFE /* AudioToolbox.framework */; };
		31C30F181FB9D0930046CAFE /* OpenAL.framework in Frameworks */ = {isa = PBXBuildFile; fileRef = 31C30F171FB9D0920046CAFE /* OpenAL.framework */; };
		31C30F1B1FB9DC540046CAFE /* SoundData.cpp in Sources */ = {isa = PBXBuildFile; fileRef = 31C30F1A1FB9DC540046CAFE /* SoundData.cpp */; };
		31C30F201FB9E55F0046CAFE /* AVFoundation.framework in Frameworks */ = {isa = PBXBuildFile; fileRef = 31C30F1F1FB9E55F0046CAFE /* AVFoundation.framework */; };
		31C30F211FB9E5990046CAFE /* CoreFoundation.framework in Frameworks */ = {isa = PBXBuildFile; fileRef = 31C30F061FB838A70046CAFE /* CoreFoundation.framework */; };
		31C30F231FB9E7E20046CAFE /* MyOpenALSupport.c in Sources */ = {isa = PBXBuildFile; fileRef = 31C30F221FB9E7E20046CAFE /* MyOpenALSupport.c */; };
		31C30F241FB9F0870046CAFE /* SoundManager.cpp in Sources */ = {isa = PBXBuildFile; fileRef = 31C30F1C1FB9DD050046CAFE /* SoundManager.cpp */; };
		31C30F2C1FBB2A960046CAFE /* main.c in Sources */ = {isa = PBXBuildFile; fileRef = 31C30F2B1FBB2A960046CAFE /* main.c */; };
		31C30F301FBB2B090046CAFE /* wavlib.c in Sources */ = {isa = PBXBuildFile; fileRef = 31CF967E1FA7663E0076F8B5 /* wavlib.c */; };
		31CF966B1FA764420076F8B5 /* main.c in Sources */ = {isa = PBXBuildFile; fileRef = 31CF966A1FA764420076F8B5 /* main.c */; };
		31CF967C1FA764B30076F8B5 /* main.c in Sources */ = {isa = PBXBuildFile; fileRef = 31CF967B1FA764B30076F8B5 /* main.c */; };
		31CF967F1FA7663E0076F8B5 /* wavlib.c in Sources */ = {isa = PBXBuildFile; fileRef = 31CF967E1FA7663E0076F8B5 /* wavlib.c */; };
/* End PBXBuildFile section */

/* Begin PBXCopyFilesBuildPhase section */
		31A4FC201FB1D66B00F6BA41 /* CopyFiles */ = {
			isa = PBXCopyFilesBuildPhase;
			buildActionMask = 2147483647;
			dstPath = /usr/share/man/man1/;
			dstSubfolderSpec = 0;
			files = (
			);
			runOnlyForDeploymentPostprocessing = 1;
		};
		31BFC4D81FBEF5EA0033513B /* CopyFiles */ = {
			isa = PBXCopyFilesBuildPhase;
			buildActionMask = 2147483647;
			dstPath = /usr/share/man/man1/;
			dstSubfolderSpec = 0;
			files = (
			);
			runOnlyForDeploymentPostprocessing = 1;
		};
		31C30ED01FB315A40046CAFE /* CopyFiles */ = {
			isa = PBXCopyFilesBuildPhase;
			buildActionMask = 2147483647;
			dstPath = /usr/share/man/man1/;
			dstSubfolderSpec = 0;
			files = (
			);
			runOnlyForDeploymentPostprocessing = 1;
		};
		31C30EDE1FB4875B0046CAFE /* CopyFiles */ = {
			isa = PBXCopyFilesBuildPhase;
			buildActionMask = 2147483647;
			dstPath = /usr/share/man/man1/;
			dstSubfolderSpec = 0;
			files = (
			);
			runOnlyForDeploymentPostprocessing = 1;
		};
		31C30EFC1FB827330046CAFE /* CopyFiles */ = {
			isa = PBXCopyFilesBuildPhase;
			buildActionMask = 2147483647;
			dstPath = /usr/share/man/man1/;
			dstSubfolderSpec = 0;
			files = (
			);
			runOnlyForDeploymentPostprocessing = 1;
		};
		31C30F0A1FB9D00B0046CAFE /* CopyFiles */ = {
			isa = PBXCopyFilesBuildPhase;
			buildActionMask = 2147483647;
			dstPath = /usr/share/man/man1/;
			dstSubfolderSpec = 0;
			files = (
			);
			runOnlyForDeploymentPostprocessing = 1;
		};
		31C30F271FBB2A960046CAFE /* CopyFiles */ = {
			isa = PBXCopyFilesBuildPhase;
			buildActionMask = 2147483647;
			dstPath = /usr/share/man/man1/;
			dstSubfolderSpec = 0;
			files = (
			);
			runOnlyForDeploymentPostprocessing = 1;
		};
		31CF96651FA764420076F8B5 /* CopyFiles */ = {
			isa = PBXCopyFilesBuildPhase;
			buildActionMask = 2147483647;
			dstPath = /usr/share/man/man1/;
			dstSubfolderSpec = 0;
			files = (
			);
			runOnlyForDeploymentPostprocessing = 1;
		};
		31CF96761FA7648C0076F8B5 /* CopyFiles */ = {
			isa = PBXCopyFilesBuildPhase;
			buildActionMask = 2147483647;
			dstPath = /usr/share/man/man1/;
			dstSubfolderSpec = 0;
			files = (
			);
			runOnlyForDeploymentPostprocessing = 1;
		};
/* End PBXCopyFilesBuildPhase section */

/* Begin PBXFileReference section */
		31A4FC221FB1D66B00F6BA41 /* Sine */ = {isa = PBXFileReference; explicitFileType = "compiled.mach-o.executable"; includeInIndex = 0; path = Sine; sourceTree = BUILT_PRODUCTS_DIR; };
		31A4FC291FB1D68100F6BA41 /* main.c */ = {isa = PBXFileReference; lastKnownFileType = sourcecode.c.c; path = main.c; sourceTree = "<group>"; };
		31BFC4DA1FBEF5EA0033513B /* Karplus */ = {isa = PBXFileReference; explicitFileType = "compiled.mach-o.executable"; includeInIndex = 0; path = Karplus; sourceTree = BUILT_PRODUCTS_DIR; };
		31BFC4DC1FBEF5EA0033513B /* main.c */ = {isa = PBXFileReference; lastKnownFileType = sourcecode.c.c; path = main.c; sourceTree = "<group>"; };
		31C30ED21FB315A40046CAFE /* Tone */ = {isa = PBXFileReference; explicitFileType = "compiled.mach-o.executable"; includeInIndex = 0; path = Tone; sourceTree = BUILT_PRODUCTS_DIR; };
		31C30ED41FB315A40046CAFE /* main.c */ = {isa = PBXFileReference; lastKnownFileType = sourcecode.c.c; path = main.c; sourceTree = "<group>"; };
		31C30ED91FB316200046CAFE /* wav_format.c */ = {isa = PBXFileReference; lastKnownFileType = sourcecode.c.c; path = wav_format.c; sourceTree = "<group>"; };
		31C30EDA1FB316200046CAFE /* wav_format.h */ = {isa = PBXFileReference; lastKnownFileType = sourcecode.c.h; path = wav_format.h; sourceTree = "<group>"; };
		31C30EE01FB4875B0046CAFE /* WavePlayer */ = {isa = PBXFileReference; explicitFileType = "compiled.mach-o.executable"; includeInIndex = 0; path = WavePlayer; sourceTree = BUILT_PRODUCTS_DIR; };
		31C30EE21FB4875B0046CAFE /* main.c */ = {isa = PBXFileReference; lastKnownFileType = sourcecode.c.c; path = main.c; sourceTree = "<group>"; };
		31C30EE91FB48C490046CAFE /* portaudio.h */ = {isa = PBXFileReference; fileEncoding = 4; lastKnownFileType = sourcecode.c.h; path = portaudio.h; sourceTree = "<group>"; };
		31C30EEB1FB48C490046CAFE /* libportaudio.a */ = {isa = PBXFileReference; lastKnownFileType = archive.ar; path = libportaudio.a; sourceTree = "<group>"; };
		31C30EEF1FB48EC80046CAFE /* CoreAudio.framework */ = {isa = PBXFileReference; lastKnownFileType = wrapper.framework; name = CoreAudio.framework; path = System/Library/Frameworks/CoreAudio.framework; sourceTree = SDKROOT; };
		31C30EF01FB48EEB0046CAFE /* AudioToolbox.framework */ = {isa = PBXFileReference; lastKnownFileType = wrapper.framework; name = AudioToolbox.framework; path = System/Library/Frameworks/AudioToolbox.framework; sourceTree = SDKROOT; };
		31C30EF31FB48F210046CAFE /* AudioUnit.framework */ = {isa = PBXFileReference; lastKnownFileType = wrapper.framework; name = AudioUnit.framework; path = System/Library/Frameworks/AudioUnit.framework; sourceTree = SDKROOT; };
		31C30EF51FB48F3A0046CAFE /* Carbon.framework */ = {isa = PBXFileReference; lastKnownFileType = wrapper.framework; name = Carbon.framework; path = System/Library/Frameworks/Carbon.framework; sourceTree = SDKROOT; };
		31C30EF61FB48F3A0046CAFE /* CoreServices.framework */ = {isa = PBXFileReference; lastKnownFileType = wrapper.framework; name = CoreServices.framework; path = System/Library/Frameworks/CoreServices.framework; sourceTree = SDKROOT; };
		31C30EFE1FB827330046CAFE /* AQPlayer */ = {isa = PBXFileReference; explicitFileType = "compiled.mach-o.executable"; includeInIndex = 0; path = AQPlayer; sourceTree = BUILT_PRODUCTS_DIR; };
		31C30F001FB827330046CAFE /* main.c */ = {isa = PBXFileReference; lastKnownFileType = sourcecode.c.c; path = main.c; sourceTree = "<group>"; };
		31C30F061FB838A70046CAFE /* CoreFoundation.framework */ = {isa = PBXFileReference; lastKnownFileType = wrapper.framework; name = CoreFoundation.framework; path = System/Library/Frameworks/CoreFoundation.framework; sourceTree = SDKROOT; };
		31C30F0C1FB9D00B0046CAFE /* ALPlayer */ = {isa = PBXFileReference; explicitFileType = "compiled.mach-o.executable"; includeInIndex = 0; path = ALPlayer; sourceTree = BUILT_PRODUCTS_DIR; };
		31C30F0E1FB9D00B0046CAFE /* main.cpp */ = {isa = PBXFileReference; lastKnownFileType = sourcecode.cpp.cpp; path = main.cpp; sourceTree = "<group>"; };
		31C30F141FB9D0510046CAFE /* SoundData.hpp */ = {isa = PBXFileReference; lastKnownFileType = sourcecode.cpp.h; path = SoundData.hpp; sourceTree = "<group>"; };
		31C30F171FB9D0920046CAFE /* OpenAL.framework */ = {isa = PBXFileReference; lastKnownFileType = wrapper.framework; name = OpenAL.framework; path = System/Library/Frameworks/OpenAL.framework; sourceTree = SDKROOT; };
		31C30F191FB9DC330046CAFE /* MyOpenALSupport.h */ = {isa = PBXFileReference; fileEncoding = 4; lastKnownFileType = sourcecode.c.h; path = MyOpenALSupport.h; sourceTree = "<group>"; };
		31C30F1A1FB9DC540046CAFE /* SoundData.cpp */ = {isa = PBXFileReference; lastKnownFileType = sourcecode.cpp.cpp; path = SoundData.cpp; sourceTree = "<group>"; };
		31C30F1C1FB9DD050046CAFE /* SoundManager.cpp */ = {isa = PBXFileReference; lastKnownFileType = sourcecode.cpp.cpp; path = SoundManager.cpp; sourceTree = "<group>"; };
		31C30F1D1FB9DD050046CAFE /* SoundManager.hpp */ = {isa = PBXFileReference; lastKnownFileType = sourcecode.cpp.h; path = SoundManager.hpp; sourceTree = "<group>"; };
		31C30F1F1FB9E55F0046CAFE /* AVFoundation.framework */ = {isa = PBXFileReference; lastKnownFileType = wrapper.framework; name = AVFoundation.framework; path = System/Library/Frameworks/AVFoundation.framework; sourceTree = SDKROOT; };
		31C30F221FB9E7E20046CAFE /* MyOpenALSupport.c */ = {isa = PBXFileReference; fileEncoding = 4; lastKnownFileType = sourcecode.c.c; path = MyOpenALSupport.c; sourceTree = "<group>"; };
		31C30F291FBB2A960046CAFE /* Waveform */ = {isa = PBXFileReference; explicitFileType = "compiled.mach-o.executable"; includeInIndex = 0; path = Waveform; sourceTree = BUILT_PRODUCTS_DIR; };
		31C30F2B1FBB2A960046CAFE /* main.c */ = {isa = PBXFileReference; lastKnownFileType = sourcecode.c.c; path = main.c; sourceTree = "<group>"; };
		31CF96671FA764420076F8B5 /* SoundProgramming */ = {isa = PBXFileReference; explicitFileType = "compiled.mach-o.executable"; includeInIndex = 0; path = SoundProgramming; sourceTree = BUILT_PRODUCTS_DIR; };
		31CF966A1FA764420076F8B5 /* main.c */ = {isa = PBXFileReference; lastKnownFileType = sourcecode.c.c; path = main.c; sourceTree = "<group>"; };
		31CF967A1FA7648C0076F8B5 /* WavReader */ = {isa = PBXFileReference; explicitFileType = "compiled.mach-o.executable"; includeInIndex = 0; path = WavReader; sourceTree = BUILT_PRODUCTS_DIR; };
		31CF967B1FA764B30076F8B5 /* main.c */ = {isa = PBXFileReference; lastKnownFileType = sourcecode.c.c; path = main.c; sourceTree = "<group>"; };
		31CF967D1FA764EB0076F8B5 /* wavlib.h */ = {isa = PBXFileReference; lastKnownFileType = sourcecode.c.h; path = wavlib.h; sourceTree = "<group>"; };
		31CF967E1FA7663E0076F8B5 /* wavlib.c */ = {isa = PBXFileReference; lastKnownFileType = sourcecode.c.c; path = wavlib.c; sourceTree = "<group>"; };
/* End PBXFileReference section */

/* Begin PBXFrameworksBuildPhase section */
		31A4FC1F1FB1D66B00F6BA41 /* Frameworks */ = {
			isa = PBXFrameworksBuildPhase;
			buildActionMask = 2147483647;
			files = (
			);
			runOnlyForDeploymentPostprocessing = 0;
		};
		31BFC4D71FBEF5EA0033513B /* Frameworks */ = {
			isa = PBXFrameworksBuildPhase;
			buildActionMask = 2147483647;
			files = (
			);
			runOnlyForDeploymentPostprocessing = 0;
		};
		31C30ECF1FB315A40046CAFE /* Frameworks */ = {
			isa = PBXFrameworksBuildPhase;
			buildActionMask = 2147483647;
			files = (
			);
			runOnlyForDeploymentPostprocessing = 0;
		};
		31C30EDD1FB4875B0046CAFE /* Frameworks */ = {
			isa = PBXFrameworksBuildPhase;
			buildActionMask = 2147483647;
			files = (
				31C30EF81FB48F4B0046CAFE /* CoreServices.framework in Frameworks */,
				31C30EF71FB48F400046CAFE /* Carbon.framework in Frameworks */,
				31C30EF41FB48F2D0046CAFE /* AudioUnit.framework in Frameworks */,
				31C30EF21FB48F190046CAFE /* CoreAudio.framework in Frameworks */,
				31C30EF11FB48F0C0046CAFE /* AudioToolbox.framework in Frameworks */,
				31C30EEC1FB48C490046CAFE /* libportaudio.a in Frameworks */,
			);
			runOnlyForDeploymentPostprocessing = 0;
		};
		31C30EFB1FB827330046CAFE /* Frameworks */ = {
			isa = PBXFrameworksBuildPhase;
			buildActionMask = 2147483647;
			files = (
				31C30F071FB838A70046CAFE /* CoreFoundation.framework in Frameworks */,
				31C30F051FB8274C0046CAFE /* AudioToolbox.framework in Frameworks */,
			);
			runOnlyForDeploymentPostprocessing = 0;
		};
		31C30F091FB9D00B0046CAFE /* Frameworks */ = {
			isa = PBXFrameworksBuildPhase;
			buildActionMask = 2147483647;
			files = (
				31C30F211FB9E5990046CAFE /* CoreFoundation.framework in Frameworks */,
				31C30F201FB9E55F0046CAFE /* AVFoundation.framework in Frameworks */,
				31C30F181FB9D0930046CAFE /* OpenAL.framework in Frameworks */,
				31C30F161FB9D08C0046CAFE /* AudioToolbox.framework in Frameworks */,
			);
			runOnlyForDeploymentPostprocessing = 0;
		};
		31C30F261FBB2A960046CAFE /* Frameworks */ = {
			isa = PBXFrameworksBuildPhase;
			buildActionMask = 2147483647;
			files = (
			);
			runOnlyForDeploymentPostprocessing = 0;
		};
		31CF96641FA764420076F8B5 /* Frameworks */ = {
			isa = PBXFrameworksBuildPhase;
			buildActionMask = 2147483647;
			files = (
			);
			runOnlyForDeploymentPostprocessing = 0;
		};
		31CF96751FA7648C0076F8B5 /* Frameworks */ = {
			isa = PBXFrameworksBuildPhase;
			buildActionMask = 2147483647;
			files = (
			);
			runOnlyForDeploymentPostprocessing = 0;
		};
/* End PBXFrameworksBuildPhase section */

/* Begin PBXGroup section */
		31BFC4DB1FBEF5EA0033513B /* Karplus */ = {
			isa = PBXGroup;
			children = (
				31BFC4DC1FBEF5EA0033513B /* main.c */,
			);
			path = Karplus;
			sourceTree = "<group>";
		};
		31C30ECD1FB313E20046CAFE /* Tone */ = {
			isa = PBXGroup;
			children = (
				31C30ED41FB315A40046CAFE /* main.c */,
				31C30ED91FB316200046CAFE /* wav_format.c */,
				31C30EDA1FB316200046CAFE /* wav_format.h */,
			);
			path = Tone;
			sourceTree = "<group>";
		};
		31C30EE11FB4875B0046CAFE /* WavePlayer */ = {
			isa = PBXGroup;
			children = (
				31C30EE71FB48C490046CAFE /* portaudio */,
				31C30EE21FB4875B0046CAFE /* main.c */,
			);
			path = WavePlayer;
			sourceTree = "<group>";
		};
		31C30EE71FB48C490046CAFE /* portaudio */ = {
			isa = PBXGroup;
			children = (
				31C30EE81FB48C490046CAFE /* include */,
				31C30EEA1FB48C490046CAFE /* lib */,
			);
			path = portaudio;
			sourceTree = "<group>";
		};
		31C30EE81FB48C490046CAFE /* include */ = {
			isa = PBXGroup;
			children = (
				31C30EE91FB48C490046CAFE /* portaudio.h */,
			);
			path = include;
			sourceTree = "<group>";
		};
		31C30EEA1FB48C490046CAFE /* lib */ = {
			isa = PBXGroup;
			children = (
				31C30EEB1FB48C490046CAFE /* libportaudio.a */,
			);
			path = lib;
			sourceTree = "<group>";
		};
		31C30EEE1FB48EC80046CAFE /* Frameworks */ = {
			isa = PBXGroup;
			children = (
				31C30F1F1FB9E55F0046CAFE /* AVFoundation.framework */,
				31C30F171FB9D0920046CAFE /* OpenAL.framework */,
				31C30F061FB838A70046CAFE /* CoreFoundation.framework */,
				31C30EF51FB48F3A0046CAFE /* Carbon.framework */,
				31C30EF61FB48F3A0046CAFE /* CoreServices.framework */,
				31C30EF31FB48F210046CAFE /* AudioUnit.framework */,
				31C30EF01FB48EEB0046CAFE /* AudioToolbox.framework */,
				31C30EEF1FB48EC80046CAFE /* CoreAudio.framework */,
			);
			name = Frameworks;
			sourceTree = "<group>";
		};
		31C30EFF1FB827330046CAFE /* AQPlayer */ = {
			isa = PBXGroup;
			children = (
				31C30F001FB827330046CAFE /* main.c */,
			);
			path = AQPlayer;
			sourceTree = "<group>";
		};
		31C30F0D1FB9D00B0046CAFE /* ALPlayer */ = {
			isa = PBXGroup;
			children = (
				31C30F0E1FB9D00B0046CAFE /* main.cpp */,
				31C30F221FB9E7E20046CAFE /* MyOpenALSupport.c */,
				31C30F191FB9DC330046CAFE /* MyOpenALSupport.h */,
				31C30F1A1FB9DC540046CAFE /* SoundData.cpp */,
				31C30F141FB9D0510046CAFE /* SoundData.hpp */,
				31C30F1C1FB9DD050046CAFE /* SoundManager.cpp */,
				31C30F1D1FB9DD050046CAFE /* SoundManager.hpp */,
			);
			path = ALPlayer;
			sourceTree = "<group>";
		};
		31C30F2A1FBB2A960046CAFE /* Waveform */ = {
			isa = PBXGroup;
			children = (
				31C30F2B1FBB2A960046CAFE /* main.c */,
			);
			path = Waveform;
			sourceTree = "<group>";
		};
		31CD18F61FADA1FC00BC2B0D /* Sine */ = {
			isa = PBXGroup;
			children = (
				31A4FC291FB1D68100F6BA41 /* main.c */,
			);
			path = Sine;
			sourceTree = "<group>";
		};
		31CF965E1FA764420076F8B5 = {
			isa = PBXGroup;
			children = (
				31CF96691FA764420076F8B5 /* SoundProgramming */,
				31CF96681FA764420076F8B5 /* Products */,
				31C30EEE1FB48EC80046CAFE /* Frameworks */,
			);
			sourceTree = "<group>";
		};
		31CF96681FA764420076F8B5 /* Products */ = {
			isa = PBXGroup;
			children = (
				31CF96671FA764420076F8B5 /* SoundProgramming */,
				31CF967A1FA7648C0076F8B5 /* WavReader */,
				31A4FC221FB1D66B00F6BA41 /* Sine */,
				31C30ED21FB315A40046CAFE /* Tone */,
				31C30EE01FB4875B0046CAFE /* WavePlayer */,
				31C30EFE1FB827330046CAFE /* AQPlayer */,
				31C30F0C1FB9D00B0046CAFE /* ALPlayer */,
				31C30F291FBB2A960046CAFE /* Waveform */,
				31BFC4DA1FBEF5EA0033513B /* Karplus */,
			);
			name = Products;
			sourceTree = "<group>";
		};
		31CF96691FA764420076F8B5 /* SoundProgramming */ = {
			isa = PBXGroup;
			children = (
				31BFC4DB1FBEF5EA0033513B /* Karplus */,
				31C30F2A1FBB2A960046CAFE /* Waveform */,
				31C30F0D1FB9D00B0046CAFE /* ALPlayer */,
				31C30EFF1FB827330046CAFE /* AQPlayer */,
				31C30EE11FB4875B0046CAFE /* WavePlayer */,
				31C30ECD1FB313E20046CAFE /* Tone */,
				31CD18F61FADA1FC00BC2B0D /* Sine */,
				31CF96711FA7645E0076F8B5 /* WavReader */,
				31CF966A1FA764420076F8B5 /* main.c */,
			);
			path = SoundProgramming;
			sourceTree = "<group>";
		};
		31CF96711FA7645E0076F8B5 /* WavReader */ = {
			isa = PBXGroup;
			children = (
				31CF967B1FA764B30076F8B5 /* main.c */,
				31CF967D1FA764EB0076F8B5 /* wavlib.h */,
				31CF967E1FA7663E0076F8B5 /* wavlib.c */,
			);
			path = WavReader;
			sourceTree = "<group>";
		};
/* End PBXGroup section */

/* Begin PBXNativeTarget section */
		31A4FC211FB1D66B00F6BA41 /* Sine */ = {
			isa = PBXNativeTarget;
			buildConfigurationList = 31A4FC281FB1D66B00F6BA41 /* Build configuration list for PBXNativeTarget "Sine" */;
			buildPhases = (
				31A4FC1E1FB1D66B00F6BA41 /* Sources */,
				31A4FC1F1FB1D66B00F6BA41 /* Frameworks */,
				31A4FC201FB1D66B00F6BA41 /* CopyFiles */,
			);
			buildRules = (
			);
			dependencies = (
			);
			name = Sine;
			productName = Sine;
			productReference = 31A4FC221FB1D66B00F6BA41 /* Sine */;
			productType = "com.apple.product-type.tool";
		};
		31BFC4D91FBEF5EA0033513B /* Karplus */ = {
			isa = PBXNativeTarget;
			buildConfigurationList = 31BFC4E01FBEF5EA0033513B /* Build configuration list for PBXNativeTarget "Karplus" */;
			buildPhases = (
				31BFC4D61FBEF5EA0033513B /* Sources */,
				31BFC4D71FBEF5EA0033513B /* Frameworks */,
				31BFC4D81FBEF5EA0033513B /* CopyFiles */,
			);
			buildRules = (
			);
			dependencies = (
			);
			name = Karplus;
			productName = Karplus;
			productReference = 31BFC4DA1FBEF5EA0033513B /* Karplus */;
			productType = "com.apple.product-type.tool";
		};
		31C30ED11FB315A40046CAFE /* Tone */ = {
			isa = PBXNativeTarget;
			buildConfigurationList = 31C30ED61FB315A40046CAFE /* Build configuration list for PBXNativeTarget "Tone" */;
			buildPhases = (
				31C30ECE1FB315A40046CAFE /* Sources */,
				31C30ECF1FB315A40046CAFE /* Frameworks */,
				31C30ED01FB315A40046CAFE /* CopyFiles */,
			);
			buildRules = (
			);
			dependencies = (
			);
			name = Tone;
			productName = Tone;
			productReference = 31C30ED21FB315A40046CAFE /* Tone */;
			productType = "com.apple.product-type.tool";
		};
		31C30EDF1FB4875B0046CAFE /* WavePlayer */ = {
			isa = PBXNativeTarget;
			buildConfigurationList = 31C30EE61FB4875B0046CAFE /* Build configuration list for PBXNativeTarget "WavePlayer" */;
			buildPhases = (
				31C30EDC1FB4875B0046CAFE /* Sources */,
				31C30EDD1FB4875B0046CAFE /* Frameworks */,
				31C30EDE1FB4875B0046CAFE /* CopyFiles */,
			);
			buildRules = (
			);
			dependencies = (
			);
			name = WavePlayer;
			productName = WavePlayer;
			productReference = 31C30EE01FB4875B0046CAFE /* WavePlayer */;
			productType = "com.apple.product-type.tool";
		};
		31C30EFD1FB827330046CAFE /* AQPlayer */ = {
			isa = PBXNativeTarget;
			buildConfigurationList = 31C30F021FB827330046CAFE /* Build configuration list for PBXNativeTarget "AQPlayer" */;
			buildPhases = (
				31C30EFA1FB827330046CAFE /* Sources */,
				31C30EFB1FB827330046CAFE /* Frameworks */,
				31C30EFC1FB827330046CAFE /* CopyFiles */,
			);
			buildRules = (
			);
			dependencies = (
			);
			name = AQPlayer;
			productName = AQPlayer;
			productReference = 31C30EFE1FB827330046CAFE /* AQPlayer */;
			productType = "com.apple.product-type.tool";
		};
		31C30F0B1FB9D00B0046CAFE /* ALPlayer */ = {
			isa = PBXNativeTarget;
			buildConfigurationList = 31C30F101FB9D00B0046CAFE /* Build configuration list for PBXNativeTarget "ALPlayer" */;
			buildPhases = (
				31C30F081FB9D00B0046CAFE /* Sources */,
				31C30F091FB9D00B0046CAFE /* Frameworks */,
				31C30F0A1FB9D00B0046CAFE /* CopyFiles */,
			);
			buildRules = (
			);
			dependencies = (
			);
			name = ALPlayer;
			productName = ALPlayer;
			productReference = 31C30F0C1FB9D00B0046CAFE /* ALPlayer */;
			productType = "com.apple.product-type.tool";
		};
		31C30F281FBB2A960046CAFE /* Waveform */ = {
			isa = PBXNativeTarget;
			buildConfigurationList = 31C30F2D1FBB2A960046CAFE /* Build configuration list for PBXNativeTarget "Waveform" */;
			buildPhases = (
				31C30F251FBB2A960046CAFE /* Sources */,
				31C30F261FBB2A960046CAFE /* Frameworks */,
				31C30F271FBB2A960046CAFE /* CopyFiles */,
			);
			buildRules = (
			);
			dependencies = (
			);
			name = Waveform;
			productName = Waveform;
			productReference = 31C30F291FBB2A960046CAFE /* Waveform */;
			productType = "com.apple.product-type.tool";
		};
		31CF96661FA764420076F8B5 /* SoundProgramming */ = {
			isa = PBXNativeTarget;
			buildConfigurationList = 31CF966E1FA764420076F8B5 /* Build configuration list for PBXNativeTarget "SoundProgramming" */;
			buildPhases = (
				31CF96631FA764420076F8B5 /* Sources */,
				31CF96641FA764420076F8B5 /* Frameworks */,
				31CF96651FA764420076F8B5 /* CopyFiles */,
			);
			buildRules = (
			);
			dependencies = (
			);
			name = SoundProgramming;
			productName = SoundProgramming;
			productReference = 31CF96671FA764420076F8B5 /* SoundProgramming */;
			productType = "com.apple.product-type.tool";
		};
		31CF96721FA7648C0076F8B5 /* WavReader */ = {
			isa = PBXNativeTarget;
			buildConfigurationList = 31CF96771FA7648C0076F8B5 /* Build configuration list for PBXNativeTarget "WavReader" */;
			buildPhases = (
				31CF96731FA7648C0076F8B5 /* Sources */,
				31CF96751FA7648C0076F8B5 /* Frameworks */,
				31CF96761FA7648C0076F8B5 /* CopyFiles */,
			);
			buildRules = (
			);
			dependencies = (
			);
			name = WavReader;
			productName = SoundProgramming;
			productReference = 31CF967A1FA7648C0076F8B5 /* WavReader */;
			productType = "com.apple.product-type.tool";
		};
/* End PBXNativeTarget section */

/* Begin PBXProject section */
		31CF965F1FA764420076F8B5 /* Project object */ = {
			isa = PBXProject;
			attributes = {
				LastUpgradeCheck = 0900;
				ORGANIZATIONNAME = mani3;
				TargetAttributes = {
					31A4FC211FB1D66B00F6BA41 = {
						CreatedOnToolsVersion = 9.1;
						ProvisioningStyle = Automatic;
					};
					31BFC4D91FBEF5EA0033513B = {
						CreatedOnToolsVersion = 9.1;
						ProvisioningStyle = Automatic;
					};
					31C30ED11FB315A40046CAFE = {
						CreatedOnToolsVersion = 9.1;
						ProvisioningStyle = Automatic;
					};
					31C30EDF1FB4875B0046CAFE = {
						CreatedOnToolsVersion = 9.1;
						ProvisioningStyle = Automatic;
					};
					31C30EFD1FB827330046CAFE = {
						CreatedOnToolsVersion = 9.1;
						ProvisioningStyle = Automatic;
					};
					31C30F0B1FB9D00B0046CAFE = {
						CreatedOnToolsVersion = 9.1;
						ProvisioningStyle = Automatic;
					};
					31C30F281FBB2A960046CAFE = {
						CreatedOnToolsVersion = 9.1;
						ProvisioningStyle = Automatic;
					};
					31CF96661FA764420076F8B5 = {
						CreatedOnToolsVersion = 9.0.1;
						ProvisioningStyle = Automatic;
					};
					31CF96721FA7648C0076F8B5 = {
						ProvisioningStyle = Manual;
					};
				};
			};
			buildConfigurationList = 31CF96621FA764420076F8B5 /* Build configuration list for PBXProject "SoundProgramming" */;
			compatibilityVersion = "Xcode 8.0";
			developmentRegion = en;
			hasScannedForEncodings = 0;
			knownRegions = (
				en,
			);
			mainGroup = 31CF965E1FA764420076F8B5;
			productRefGroup = 31CF96681FA764420076F8B5 /* Products */;
			projectDirPath = "";
			projectRoot = "";
			targets = (
				31CF96661FA764420076F8B5 /* SoundProgramming */,
				31CF96721FA7648C0076F8B5 /* WavReader */,
				31A4FC211FB1D66B00F6BA41 /* Sine */,
				31C30ED11FB315A40046CAFE /* Tone */,
				31C30EDF1FB4875B0046CAFE /* WavePlayer */,
				31C30EFD1FB827330046CAFE /* AQPlayer */,
				31C30F0B1FB9D00B0046CAFE /* ALPlayer */,
				31C30F281FBB2A960046CAFE /* Waveform */,
				31BFC4D91FBEF5EA0033513B /* Karplus */,
			);
		};
/* End PBXProject section */

/* Begin PBXSourcesBuildPhase section */
		31A4FC1E1FB1D66B00F6BA41 /* Sources */ = {
			isa = PBXSourcesBuildPhase;
			buildActionMask = 2147483647;
			files = (
				31A4FC2C1FB1DD3A00F6BA41 /* main.c in Sources */,
				31A4FC2B1FB1D68800F6BA41 /* wavlib.c in Sources */,
			);
			runOnlyForDeploymentPostprocessing = 0;
		};
		31BFC4D61FBEF5EA0033513B /* Sources */ = {
			isa = PBXSourcesBuildPhase;
			buildActionMask = 2147483647;
			files = (
				31BFC4E11FBEF6450033513B /* wavlib.c in Sources */,
				31BFC4DD1FBEF5EA0033513B /* main.c in Sources */,
			);
			runOnlyForDeploymentPostprocessing = 0;
		};
		31C30ECE1FB315A40046CAFE /* Sources */ = {
			isa = PBXSourcesBuildPhase;
			buildActionMask = 2147483647;
			files = (
				31C30ED51FB315A40046CAFE /* main.c in Sources */,
				31C30EDB1FB316200046CAFE /* wav_format.c in Sources */,
			);
			runOnlyForDeploymentPostprocessing = 0;
		};
		31C30EDC1FB4875B0046CAFE /* Sources */ = {
			isa = PBXSourcesBuildPhase;
			buildActionMask = 2147483647;
			files = (
				31C30EE31FB4875B0046CAFE /* main.c in Sources */,
				31C30EED1FB48CA10046CAFE /* wav_format.c in Sources */,
			);
			runOnlyForDeploymentPostprocessing = 0;
		};
		31C30EFA1FB827330046CAFE /* Sources */ = {
			isa = PBXSourcesBuildPhase;
			buildActionMask = 2147483647;
			files = (
				31C30F011FB827330046CAFE /* main.c in Sources */,
			);
			runOnlyForDeploymentPostprocessing = 0;
		};
		31C30F081FB9D00B0046CAFE /* Sources */ = {
			isa = PBXSourcesBuildPhase;
			buildActionMask = 2147483647;
			files = (
				31C30F231FB9E7E20046CAFE /* MyOpenALSupport.c in Sources */,
				31C30F241FB9F0870046CAFE /* SoundManager.cpp in Sources */,
				31C30F0F1FB9D00B0046CAFE /* main.cpp in Sources */,
				31C30F1B1FB9DC540046CAFE /* SoundData.cpp in Sources */,
			);
			runOnlyForDeploymentPostprocessing = 0;
		};
		31C30F251FBB2A960046CAFE /* Sources */ = {
			isa = PBXSourcesBuildPhase;
			buildActionMask = 2147483647;
			files = (
				31C30F301FBB2B090046CAFE /* wavlib.c in Sources */,
				31C30F2C1FBB2A960046CAFE /* main.c in Sources */,
			);
			runOnlyForDeploymentPostprocessing = 0;
		};
		31CF96631FA764420076F8B5 /* Sources */ = {
			isa = PBXSourcesBuildPhase;
			buildActionMask = 2147483647;
			files = (
				31CF966B1FA764420076F8B5 /* main.c in Sources */,
			);
			runOnlyForDeploymentPostprocessing = 0;
		};
		31CF96731FA7648C0076F8B5 /* Sources */ = {
			isa = PBXSourcesBuildPhase;
			buildActionMask = 2147483647;
			files = (
				31CF967C1FA764B30076F8B5 /* main.c in Sources */,
				31CF967F1FA7663E0076F8B5 /* wavlib.c in Sources */,
			);
			runOnlyForDeploymentPostprocessing = 0;
		};
/* End PBXSourcesBuildPhase section */

/* Begin XCBuildConfiguration section */
		31A4FC261FB1D66B00F6BA41 /* Debug */ = {
			isa = XCBuildConfiguration;
			buildSettings = {
				CODE_SIGN_STYLE = Automatic;
				PRODUCT_NAME = "$(TARGET_NAME)";
			};
			name = Debug;
		};
		31A4FC271FB1D66B00F6BA41 /* Release */ = {
			isa = XCBuildConfiguration;
			buildSettings = {
				CODE_SIGN_STYLE = Automatic;
				PRODUCT_NAME = "$(TARGET_NAME)";
			};
			name = Release;
		};
		31BFC4DE1FBEF5EA0033513B /* Debug */ = {
			isa = XCBuildConfiguration;
			buildSettings = {
				CODE_SIGN_STYLE = Automatic;
				MACOSX_DEPLOYMENT_TARGET = 10.13;
				PRODUCT_NAME = "$(TARGET_NAME)";
			};
			name = Debug;
		};
		31BFC4DF1FBEF5EA0033513B /* Release */ = {
			isa = XCBuildConfiguration;
			buildSettings = {
				CODE_SIGN_STYLE = Automatic;
				MACOSX_DEPLOYMENT_TARGET = 10.13;
				PRODUCT_NAME = "$(TARGET_NAME)";
			};
			name = Release;
		};
		31C30ED71FB315A40046CAFE /* Debug */ = {
			isa = XCBuildConfiguration;
			buildSettings = {
				CODE_SIGN_STYLE = Automatic;
				PRODUCT_NAME = "$(TARGET_NAME)";
			};
			name = Debug;
		};
		31C30ED81FB315A40046CAFE /* Release */ = {
			isa = XCBuildConfiguration;
			buildSettings = {
				CODE_SIGN_STYLE = Automatic;
				PRODUCT_NAME = "$(TARGET_NAME)";
			};
			name = Release;
		};
		31C30EE41FB4875B0046CAFE /* Debug */ = {
			isa = XCBuildConfiguration;
			buildSettings = {
				CODE_SIGN_STYLE = Automatic;
				HEADER_SEARCH_PATHS = "$(SRCROOT)/SoundProgramming/WavePlayer/portaudio/include";
				LIBRARY_SEARCH_PATHS = (
					"$(inherited)",
					"$(PROJECT_DIR)/SoundProgramming/WavePlayer/portaudio/lib",
				);
				PRODUCT_NAME = "$(TARGET_NAME)";
			};
			name = Debug;
		};
		31C30EE51FB4875B0046CAFE /* Release */ = {
			isa = XCBuildConfiguration;
			buildSettings = {
				CODE_SIGN_STYLE = Automatic;
				HEADER_SEARCH_PATHS = "$(SRCROOT)/SoundProgramming/WavePlayer/portaudio/include";
				LIBRARY_SEARCH_PATHS = (
					"$(inherited)",
					"$(PROJECT_DIR)/SoundProgramming/WavePlayer/portaudio/lib",
				);
				PRODUCT_NAME = "$(TARGET_NAME)";
			};
			name = Release;
		};
		31C30F031FB827330046CAFE /* Debug */ = {
			isa = XCBuildConfiguration;
			buildSettings = {
				CODE_SIGN_STYLE = Automatic;
				PRODUCT_NAME = "$(TARGET_NAME)";
			};
			name = Debug;
		};
		31C30F041FB827330046CAFE /* Release */ = {
			isa = XCBuildConfiguration;
			buildSettings = {
				CODE_SIGN_STYLE = Automatic;
				PRODUCT_NAME = "$(TARGET_NAME)";
			};
			name = Release;
		};
		31C30F111FB9D00B0046CAFE /* Debug */ = {
			isa = XCBuildConfiguration;
			buildSettings = {
				CODE_SIGN_STYLE = Automatic;
				PRODUCT_NAME = "$(TARGET_NAME)";
			};
			name = Debug;
		};
		31C30F121FB9D00B0046CAFE /* Release */ = {
			isa = XCBuildConfiguration;
			buildSettings = {
				CODE_SIGN_STYLE = Automatic;
				PRODUCT_NAME = "$(TARGET_NAME)";
			};
			name = Release;
		};
		31C30F2E1FBB2A960046CAFE /* Debug */ = {
			isa = XCBuildConfiguration;
			buildSettings = {
				CODE_SIGN_STYLE = Automatic;
				PRODUCT_NAME = "$(TARGET_NAME)";
			};
			name = Debug;
		};
		31C30F2F1FBB2A960046CAFE /* Release */ = {
			isa = XCBuildConfiguration;
			buildSettings = {
				CODE_SIGN_STYLE = Automatic;
				PRODUCT_NAME = "$(TARGET_NAME)";
			};
			name = Release;
		};
		31CF966C1FA764420076F8B5 /* Debug */ = {
			isa = XCBuildConfiguration;
			buildSettings = {
				ALWAYS_SEARCH_USER_PATHS = NO;
				CLANG_ANALYZER_NONNULL = YES;
				CLANG_ANALYZER_NUMBER_OBJECT_CONVERSION = YES_AGGRESSIVE;
				CLANG_CXX_LANGUAGE_STANDARD = "gnu++14";
				CLANG_CXX_LIBRARY = "libc++";
				CLANG_ENABLE_MODULES = YES;
				CLANG_ENABLE_OBJC_ARC = YES;
				CLANG_WARN_BLOCK_CAPTURE_AUTORELEASING = YES;
				CLANG_WARN_BOOL_CONVERSION = YES;
				CLANG_WARN_COMMA = YES;
				CLANG_WARN_CONSTANT_CONVERSION = YES;
				CLANG_WARN_DIRECT_OBJC_ISA_USAGE = YES_ERROR;
				CLANG_WARN_DOCUMENTATION_COMMENTS = YES;
				CLANG_WARN_EMPTY_BODY = YES;
				CLANG_WARN_ENUM_CONVERSION = YES;
				CLANG_WARN_INFINITE_RECURSION = YES;
				CLANG_WARN_INT_CONVERSION = YES;
				CLANG_WARN_NON_LITERAL_NULL_CONVERSION = YES;
				CLANG_WARN_OBJC_LITERAL_CONVERSION = YES;
				CLANG_WARN_OBJC_ROOT_CLASS = YES_ERROR;
				CLANG_WARN_RANGE_LOOP_ANALYSIS = YES;
				CLANG_WARN_STRICT_PROTOTYPES = YES;
				CLANG_WARN_SUSPICIOUS_MOVE = YES;
				CLANG_WARN_UNGUARDED_AVAILABILITY = YES_AGGRESSIVE;
				CLANG_WARN_UNREACHABLE_CODE = YES;
				CLANG_WARN__DUPLICATE_METHOD_MATCH = YES;
				CODE_SIGN_IDENTITY = "-";
				COPY_PHASE_STRIP = NO;
				DEBUG_INFORMATION_FORMAT = dwarf;
				ENABLE_STRICT_OBJC_MSGSEND = YES;
				ENABLE_TESTABILITY = YES;
				GCC_C_LANGUAGE_STANDARD = gnu11;
				GCC_DYNAMIC_NO_PIC = NO;
				GCC_NO_COMMON_BLOCKS = YES;
				GCC_OPTIMIZATION_LEVEL = 0;
				GCC_PREPROCESSOR_DEFINITIONS = (
					"DEBUG=1",
					"$(inherited)",
				);
				GCC_WARN_64_TO_32_BIT_CONVERSION = YES;
				GCC_WARN_ABOUT_RETURN_TYPE = YES_ERROR;
				GCC_WARN_UNDECLARED_SELECTOR = YES;
				GCC_WARN_UNINITIALIZED_AUTOS = YES_AGGRESSIVE;
				GCC_WARN_UNUSED_FUNCTION = YES;
				GCC_WARN_UNUSED_VARIABLE = YES;
				MACOSX_DEPLOYMENT_TARGET = 10.12;
				MTL_ENABLE_DEBUG_INFO = YES;
				ONLY_ACTIVE_ARCH = YES;
				SDKROOT = macosx;
			};
			name = Debug;
		};
		31CF966D1FA764420076F8B5 /* Release */ = {
			isa = XCBuildConfiguration;
			buildSettings = {
				ALWAYS_SEARCH_USER_PATHS = NO;
				CLANG_ANALYZER_NONNULL = YES;
				CLANG_ANALYZER_NUMBER_OBJECT_CONVERSION = YES_AGGRESSIVE;
				CLANG_CXX_LANGUAGE_STANDARD = "gnu++14";
				CLANG_CXX_LIBRARY = "libc++";
				CLANG_ENABLE_MODULES = YES;
				CLANG_ENABLE_OBJC_ARC = YES;
				CLANG_WARN_BLOCK_CAPTURE_AUTORELEASING = YES;
				CLANG_WARN_BOOL_CONVERSION = YES;
				CLANG_WARN_COMMA = YES;
				CLANG_WARN_CONSTANT_CONVERSION = YES;
				CLANG_WARN_DIRECT_OBJC_ISA_USAGE = YES_ERROR;
				CLANG_WARN_DOCUMENTATION_COMMENTS = YES;
				CLANG_WARN_EMPTY_BODY = YES;
				CLANG_WARN_ENUM_CONVERSION = YES;
				CLANG_WARN_INFINITE_RECURSION = YES;
				CLANG_WARN_INT_CONVERSION = YES;
				CLANG_WARN_NON_LITERAL_NULL_CONVERSION = YES;
				CLANG_WARN_OBJC_LITERAL_CONVERSION = YES;
				CLANG_WARN_OBJC_ROOT_CLASS = YES_ERROR;
				CLANG_WARN_RANGE_LOOP_ANALYSIS = YES;
				CLANG_WARN_STRICT_PROTOTYPES = YES;
				CLANG_WARN_SUSPICIOUS_MOVE = YES;
				CLANG_WARN_UNGUARDED_AVAILABILITY = YES_AGGRESSIVE;
				CLANG_WARN_UNREACHABLE_CODE = YES;
				CLANG_WARN__DUPLICATE_METHOD_MATCH = YES;
				CODE_SIGN_IDENTITY = "-";
				COPY_PHASE_STRIP = NO;
				DEBUG_INFORMATION_FORMAT = "dwarf-with-dsym";
				ENABLE_NS_ASSERTIONS = NO;
				ENABLE_STRICT_OBJC_MSGSEND = YES;
				GCC_C_LANGUAGE_STANDARD = gnu11;
				GCC_NO_COMMON_BLOCKS = YES;
				GCC_WARN_64_TO_32_BIT_CONVERSION = YES;
				GCC_WARN_ABOUT_RETURN_TYPE = YES_ERROR;
				GCC_WARN_UNDECLARED_SELECTOR = YES;
				GCC_WARN_UNINITIALIZED_AUTOS = YES_AGGRESSIVE;
				GCC_WARN_UNUSED_FUNCTION = YES;
				GCC_WARN_UNUSED_VARIABLE = YES;
				MACOSX_DEPLOYMENT_TARGET = 10.12;
				MTL_ENABLE_DEBUG_INFO = NO;
				SDKROOT = macosx;
			};
			name = Release;
		};
		31CF966F1FA764420076F8B5 /* Debug */ = {
			isa = XCBuildConfiguration;
			buildSettings = {
				CODE_SIGN_STYLE = Automatic;
				PRODUCT_NAME = "$(TARGET_NAME)";
			};
			name = Debug;
		};
		31CF96701FA764420076F8B5 /* Release */ = {
			isa = XCBuildConfiguration;
			buildSettings = {
				CODE_SIGN_STYLE = Automatic;
				PRODUCT_NAME = "$(TARGET_NAME)";
			};
			name = Release;
		};
		31CF96781FA7648C0076F8B5 /* Debug */ = {
			isa = XCBuildConfiguration;
			buildSettings = {
				CODE_SIGN_STYLE = Manual;
				DEVELOPMENT_TEAM = "";
				PRODUCT_NAME = "$(TARGET_NAME)";
				PROVISIONING_PROFILE_SPECIFIER = "";
			};
			name = Debug;
		};
		31CF96791FA7648C0076F8B5 /* Release */ = {
			isa = XCBuildConfiguration;
			buildSettings = {
				CODE_SIGN_STYLE = Manual;
				DEVELOPMENT_TEAM = "";
				PRODUCT_NAME = "$(TARGET_NAME)";
				PROVISIONING_PROFILE_SPECIFIER = "";
			};
			name = Release;
		};
/* End XCBuildConfiguration section */

/* Begin XCConfigurationList section */
		31A4FC281FB1D66B00F6BA41 /* Build configuration list for PBXNativeTarget "Sine" */ = {
			isa = XCConfigurationList;
			buildConfigurations = (
				31A4FC261FB1D66B00F6BA41 /* Debug */,
				31A4FC271FB1D66B00F6BA41 /* Release */,
			);
			defaultConfigurationIsVisible = 0;
			defaultConfigurationName = Release;
		};
		31BFC4E01FBEF5EA0033513B /* Build configuration list for PBXNativeTarget "Karplus" */ = {
			isa = XCConfigurationList;
			buildConfigurations = (
				31BFC4DE1FBEF5EA0033513B /* Debug */,
				31BFC4DF1FBEF5EA0033513B /* Release */,
			);
			defaultConfigurationIsVisible = 0;
			defaultConfigurationName = Release;
		};
		31C30ED61FB315A40046CAFE /* Build configuration list for PBXNativeTarget "Tone" */ = {
			isa = XCConfigurationList;
			buildConfigurations = (
				31C30ED71FB315A40046CAFE /* Debug */,
				31C30ED81FB315A40046CAFE /* Release */,
			);
			defaultConfigurationIsVisible = 0;
			defaultConfigurationName = Release;
		};
		31C30EE61FB4875B0046CAFE /* Build configuration list for PBXNativeTarget "WavePlayer" */ = {
			isa = XCConfigurationList;
			buildConfigurations = (
				31C30EE41FB4875B0046CAFE /* Debug */,
				31C30EE51FB4875B0046CAFE /* Release */,
			);
			defaultConfigurationIsVisible = 0;
			defaultConfigurationName = Release;
		};
		31C30F021FB827330046CAFE /* Build configuration list for PBXNativeTarget "AQPlayer" */ = {
			isa = XCConfigurationList;
			buildConfigurations = (
				31C30F031FB827330046CAFE /* Debug */,
				31C30F041FB827330046CAFE /* Release */,
			);
			defaultConfigurationIsVisible = 0;
			defaultConfigurationName = Release;
		};
		31C30F101FB9D00B0046CAFE /* Build configuration list for PBXNativeTarget "ALPlayer" */ = {
			isa = XCConfigurationList;
			buildConfigurations = (
				31C30F111FB9D00B0046CAFE /* Debug */,
				31C30F121FB9D00B0046CAFE /* Release */,
			);
			defaultConfigurationIsVisible = 0;
			defaultConfigurationName = Release;
		};
		31C30F2D1FBB2A960046CAFE /* Build configuration list for PBXNativeTarget "Waveform" */ = {
			isa = XCConfigurationList;
			buildConfigurations = (
				31C30F2E1FBB2A960046CAFE /* Debug */,
				31C30F2F1FBB2A960046CAFE /* Release */,
			);
			defaultConfigurationIsVisible = 0;
			defaultConfigurationName = Release;
		};
		31CF96621FA764420076F8B5 /* Build configuration list for PBXProject "SoundProgramming" */ = {
			isa = XCConfigurationList;
			buildConfigurations = (
				31CF966C1FA764420076F8B5 /* Debug */,
				31CF966D1FA764420076F8B5 /* Release */,
			);
			defaultConfigurationIsVisible = 0;
			defaultConfigurationName = Release;
		};
		31CF966E1FA764420076F8B5 /* Build configuration list for PBXNativeTarget "SoundProgramming" */ = {
			isa = XCConfigurationList;
			buildConfigurations = (
				31CF966F1FA764420076F8B5 /* Debug */,
				31CF96701FA764420076F8B5 /* Release */,
			);
			defaultConfigurationIsVisible = 0;
			defaultConfigurationName = Release;
		};
		31CF96771FA7648C0076F8B5 /* Build configuration list for PBXNativeTarget "WavReader" */ = {
			isa = XCConfigurationList;
			buildConfigurations = (
				31CF96781FA7648C0076F8B5 /* Debug */,
				31CF96791FA7648C0076F8B5 /* Release */,
			);
			defaultConfigurationIsVisible = 0;
			defaultConfigurationName = Release;
		};
/* End XCConfigurationList section */
	};
	rootObject = 31CF965F1FA764420076F8B5 /* Project object */;
}
